
Microsoft Visual Studio Solution File, Format Version 12.00
# Visual Studio Version 17
VisualStudioVersion = 17.0.31903.59
MinimumVisualStudioVersion = 10.0.40219.1
Project("{2150E333-8FDC-42A3-9474-1A3956D46DE8}") = "src", "src", "{23469D00-96C0-45A8-9E4D-8C1B66135EB3}"
EndProject
Project("{2150E333-8FDC-42A3-9474-1A3956D46DE8}") = "test", "test", "{03D5483D-6B75-477D-AD63-77B55B59C76E}"
EndProject
Project("{2150E333-8FDC-42A3-9474-1A3956D46DE8}") = "External", "External", "{719FF441-CCF2-4BB2-8D17-72EB531D417F}"
EndProject
Project("{2150E333-8FDC-42A3-9474-1A3956D46DE8}") = "Core", "Core", "{98A60866-83C2-4D7E-9BB5-0ABEC1C2B234}"
EndProject
Project("{FAE04EC0-301F-11D3-BF4B-00C04F79EFBC}") = "Shop.Application", "Shop.Application\Shop.Application.csproj", "{3765A5A5-79E5-4CB5-A861-34FE54513D0C}"
EndProject
Project("{FAE04EC0-301F-11D3-BF4B-00C04F79EFBC}") = "Shop.Domain", "Shop.Domain\Shop.Domain.csproj", "{FF793B78-13B0-4287-A5DC-58E9162E4AAC}"
EndProject
Project("{FAE04EC0-301F-11D3-BF4B-00C04F79EFBC}") = "Shop.WebApi", "Shop.WebApi\Shop.WebApi.csproj", "{EEF4418C-5304-4F32-803F-35109EB3181B}"
EndProject
Project("{FAE04EC0-301F-11D3-BF4B-00C04F79EFBC}") = "Shop.Presentation", "Shop.Presentation\Shop.Presentation.csproj", "{77079283-A073-401E-A1B4-5FB8BD231EFA}"
EndProject
Project("{FAE04EC0-301F-11D3-BF4B-00C04F79EFBC}") = "Shop.Infrastructure", "Shop.Infrastructure\Shop.Infrastructure.csproj", "{9A1D5309-8096-4678-A080-C01E4F37E5CD}"
EndProject
Project("{FAE04EC0-301F-11D3-BF4B-00C04F79EFBC}") = "Shop.OAuth", "Shop.OAuth\Shop.OAuth.csproj", "{49B2238F-F40F-410D-9495-44E5DFB34A7F}"
EndProject
Project("{FAE04EC0-301F-11D3-BF4B-00C04F79EFBC}") = "Shop.Integration.Test", "Shop.Integration.Test\Shop.Integration.Test.csproj", "{C054009C-0E20-4958-AC86-EA3FD677EACB}"
EndProject
Project("{FAE04EC0-301F-11D3-BF4B-00C04F79EFBC}") = "Shop.Application.Test", "Shop.Application.Test\Shop.Application.Test.csproj", "{5D3884C2-AE1C-4F59-9EDB-3EC6A7099A3A}"
EndProject
Project("{FAE04EC0-301F-11D3-BF4B-00C04F79EFBC}") = "SharedKernel", "SharedKernel\SharedKernel.csproj", "{DF9CD173-09EE-428A-8CD5-0EC3370772B5}"
EndProject
Global
	GlobalSection(SolutionConfigurationPlatforms) = preSolution
		Debug|Any CPU = Debug|Any CPU
		Release|Any CPU = Release|Any CPU
	EndGlobalSection
	GlobalSection(SolutionProperties) = preSolution
		HideSolutionNode = FALSE
	EndGlobalSection
	GlobalSection(NestedProjects) = preSolution
		{EEF4418C-5304-4F32-803F-35109EB3181B} = {23469D00-96C0-45A8-9E4D-8C1B66135EB3}
		{9A1D5309-8096-4678-A080-C01E4F37E5CD} = {719FF441-CCF2-4BB2-8D17-72EB531D417F}
		{77079283-A073-401E-A1B4-5FB8BD231EFA} = {719FF441-CCF2-4BB2-8D17-72EB531D417F}
		{FF793B78-13B0-4287-A5DC-58E9162E4AAC} = {98A60866-83C2-4D7E-9BB5-0ABEC1C2B234}
		{3765A5A5-79E5-4CB5-A861-34FE54513D0C} = {98A60866-83C2-4D7E-9BB5-0ABEC1C2B234}
		{98A60866-83C2-4D7E-9BB5-0ABEC1C2B234} = {23469D00-96C0-45A8-9E4D-8C1B66135EB3}
		{719FF441-CCF2-4BB2-8D17-72EB531D417F} = {23469D00-96C0-45A8-9E4D-8C1B66135EB3}
		{49B2238F-F40F-410D-9495-44E5DFB34A7F} = {23469D00-96C0-45A8-9E4D-8C1B66135EB3}
		{C054009C-0E20-4958-AC86-EA3FD677EACB} = {03D5483D-6B75-477D-AD63-77B55B59C76E}
		{5D3884C2-AE1C-4F59-9EDB-3EC6A7099A3A} = {03D5483D-6B75-477D-AD63-77B55B59C76E}
		{DF9CD173-09EE-428A-8CD5-0EC3370772B5} = {98A60866-83C2-4D7E-9BB5-0ABEC1C2B234}
	EndGlobalSection
	GlobalSection(ProjectConfigurationPlatforms) = postSolution
		{3765A5A5-79E5-4CB5-A861-34FE54513D0C}.Debug|Any CPU.ActiveCfg = Debug|Any CPU
		{3765A5A5-79E5-4CB5-A861-34FE54513D0C}.Debug|Any CPU.Build.0 = Debug|Any CPU
		{3765A5A5-79E5-4CB5-A861-34FE54513D0C}.Release|Any CPU.ActiveCfg = Release|Any CPU
		{3765A5A5-79E5-4CB5-A861-34FE54513D0C}.Release|Any CPU.Build.0 = Release|Any CPU
		{FF793B78-13B0-4287-A5DC-58E9162E4AAC}.Debug|Any CPU.ActiveCfg = Debug|Any CPU
		{FF793B78-13B0-4287-A5DC-58E9162E4AAC}.Debug|Any CPU.Build.0 = Debug|Any CPU
		{FF793B78-13B0-4287-A5DC-58E9162E4AAC}.Release|Any CPU.ActiveCfg = Release|Any CPU
		{FF793B78-13B0-4287-A5DC-58E9162E4AAC}.Release|Any CPU.Build.0 = Release|Any CPU
		{EEF4418C-5304-4F32-803F-35109EB3181B}.Debug|Any CPU.ActiveCfg = Debug|Any CPU
		{EEF4418C-5304-4F32-803F-35109EB3181B}.Debug|Any CPU.Build.0 = Debug|Any CPU
		{EEF4418C-5304-4F32-803F-35109EB3181B}.Release|Any CPU.ActiveCfg = Release|Any CPU
		{EEF4418C-5304-4F32-803F-35109EB3181B}.Release|Any CPU.Build.0 = Release|Any CPU
		{77079283-A073-401E-A1B4-5FB8BD231EFA}.Debug|Any CPU.ActiveCfg = Debug|Any CPU
		{77079283-A073-401E-A1B4-5FB8BD231EFA}.Debug|Any CPU.Build.0 = Debug|Any CPU
		{77079283-A073-401E-A1B4-5FB8BD231EFA}.Release|Any CPU.ActiveCfg = Release|Any CPU
		{77079283-A073-401E-A1B4-5FB8BD231EFA}.Release|Any CPU.Build.0 = Release|Any CPU
		{9A1D5309-8096-4678-A080-C01E4F37E5CD}.Debug|Any CPU.ActiveCfg = Debug|Any CPU
		{9A1D5309-8096-4678-A080-C01E4F37E5CD}.Debug|Any CPU.Build.0 = Debug|Any CPU
		{9A1D5309-8096-4678-A080-C01E4F37E5CD}.Release|Any CPU.ActiveCfg = Release|Any CPU
		{9A1D5309-8096-4678-A080-C01E4F37E5CD}.Release|Any CPU.Build.0 = Release|Any CPU
		{49B2238F-F40F-410D-9495-44E5DFB34A7F}.Debug|Any CPU.ActiveCfg = Debug|Any CPU
		{49B2238F-F40F-410D-9495-44E5DFB34A7F}.Debug|Any CPU.Build.0 = Debug|Any CPU
		{49B2238F-F40F-410D-9495-44E5DFB34A7F}.Release|Any CPU.ActiveCfg = Release|Any CPU
		{49B2238F-F40F-410D-9495-44E5DFB34A7F}.Release|Any CPU.Build.0 = Release|Any CPU
		{C054009C-0E20-4958-AC86-EA3FD677EACB}.Debug|Any CPU.ActiveCfg = Debug|Any CPU
		{C054009C-0E20-4958-AC86-EA3FD677EACB}.Debug|Any CPU.Build.0 = Debug|Any CPU
		{C054009C-0E20-4958-AC86-EA3FD677EACB}.Release|Any CPU.ActiveCfg = Release|Any CPU
		{C054009C-0E20-4958-AC86-EA3FD677EACB}.Release|Any CPU.Build.0 = Release|Any CPU
		{5D3884C2-AE1C-4F59-9EDB-3EC6A7099A3A}.Debug|Any CPU.ActiveCfg = Debug|Any CPU
		{5D3884C2-AE1C-4F59-9EDB-3EC6A7099A3A}.Debug|Any CPU.Build.0 = Debug|Any CPU
		{5D3884C2-AE1C-4F59-9EDB-3EC6A7099A3A}.Release|Any CPU.ActiveCfg = Release|Any CPU
		{5D3884C2-AE1C-4F59-9EDB-3EC6A7099A3A}.Release|Any CPU.Build.0 = Release|Any CPU
		{DF9CD173-09EE-428A-8CD5-0EC3370772B5}.Debug|Any CPU.ActiveCfg = Debug|Any CPU
		{DF9CD173-09EE-428A-8CD5-0EC3370772B5}.Debug|Any CPU.Build.0 = Debug|Any CPU
		{DF9CD173-09EE-428A-8CD5-0EC3370772B5}.Release|Any CPU.ActiveCfg = Release|Any CPU
		{DF9CD173-09EE-428A-8CD5-0EC3370772B5}.Release|Any CPU.Build.0 = Release|Any CPU
	EndGlobalSection
EndGlobal
